// !$*UTF8*$!
{
	archiveVersion = 1;
	classes = {
	};
	objectVersion = 48;
	objects = {

/* Begin PBXBuildFile section */
		6D182BBA1F7ED3FA00F99A7C /* Info.plist in Resources */ = {isa = PBXBuildFile; fileRef = 6D5D934D1F7C87BA00A66A5B /* Info.plist */; };
		6D5D93421F7C87BA00A66A5B /* AppDelegate.swift in Sources */ = {isa = PBXBuildFile; fileRef = 6D5D93411F7C87BA00A66A5B /* AppDelegate.swift */; };
		6D5D93441F7C87BA00A66A5B /* ViewController.swift in Sources */ = {isa = PBXBuildFile; fileRef = 6D5D93431F7C87BA00A66A5B /* ViewController.swift */; };
		6D5D93471F7C87BA00A66A5B /* Main.storyboard in Resources */ = {isa = PBXBuildFile; fileRef = 6D5D93451F7C87BA00A66A5B /* Main.storyboard */; };
		6D5D93491F7C87BA00A66A5B /* Assets.xcassets in Resources */ = {isa = PBXBuildFile; fileRef = 6D5D93481F7C87BA00A66A5B /* Assets.xcassets */; };
		6D5D934C1F7C87BA00A66A5B /* LaunchScreen.storyboard in Resources */ = {isa = PBXBuildFile; fileRef = 6D5D934A1F7C87BA00A66A5B /* LaunchScreen.storyboard */; };
		6D5D93561F7C882800A66A5B /* RestKit.framework in Frameworks */ = {isa = PBXBuildFile; fileRef = 6D5D93531F7C882800A66A5B /* RestKit.framework */; };
		6D5D93571F7C882800A66A5B /* RestKit.framework in Embed Frameworks */ = {isa = PBXBuildFile; fileRef = 6D5D93531F7C882800A66A5B /* RestKit.framework */; settings = {ATTRIBUTES = (CodeSignOnCopy, RemoveHeadersOnCopy, ); }; };
		6D5D93581F7C882800A66A5B /* SVProgressHUD.framework in Frameworks */ = {isa = PBXBuildFile; fileRef = 6D5D93541F7C882800A66A5B /* SVProgressHUD.framework */; };
		6D5D93591F7C882800A66A5B /* SVProgressHUD.framework in Embed Frameworks */ = {isa = PBXBuildFile; fileRef = 6D5D93541F7C882800A66A5B /* SVProgressHUD.framework */; settings = {ATTRIBUTES = (CodeSignOnCopy, RemoveHeadersOnCopy, ); }; };
		6D5D935A1F7C882800A66A5B /* VisualRecognitionV3.framework in Frameworks */ = {isa = PBXBuildFile; fileRef = 6D5D93551F7C882800A66A5B /* VisualRecognitionV3.framework */; };
		6D5D935B1F7C882800A66A5B /* VisualRecognitionV3.framework in Embed Frameworks */ = {isa = PBXBuildFile; fileRef = 6D5D93551F7C882800A66A5B /* VisualRecognitionV3.framework */; settings = {ATTRIBUTES = (CodeSignOnCopy, RemoveHeadersOnCopy, ); }; };
/* End PBXBuildFile section */

/* Begin PBXCopyFilesBuildPhase section */
		6D5D935C1F7C882800A66A5B /* Embed Frameworks */ = {
			isa = PBXCopyFilesBuildPhase;
			buildActionMask = 2147483647;
			dstPath = "";
			dstSubfolderSpec = 10;
			files = (
				6D5D93591F7C882800A66A5B /* SVProgressHUD.framework in Embed Frameworks */,
				6D5D935B1F7C882800A66A5B /* VisualRecognitionV3.framework in Embed Frameworks */,
				6D5D93571F7C882800A66A5B /* RestKit.framework in Embed Frameworks */,
			);
			name = "Embed Frameworks";
			runOnlyForDeploymentPostprocessing = 0;
		};
/* End PBXCopyFilesBuildPhase section */

/* Begin PBXFileReference section */
		6D5D933E1F7C87BA00A66A5B /* SeeFood.app */ = {isa = PBXFileReference; explicitFileType = wrapper.application; includeInIndex = 0; path = SeeFood.app; sourceTree = BUILT_PRODUCTS_DIR; };
		6D5D93411F7C87BA00A66A5B /* AppDelegate.swift */ = {isa = PBXFileReference; lastKnownFileType = sourcecode.swift; path = AppDelegate.swift; sourceTree = "<group>"; };
		6D5D93431F7C87BA00A66A5B /* ViewController.swift */ = {isa = PBXFileReference; lastKnownFileType = sourcecode.swift; path = ViewController.swift; sourceTree = "<group>"; };
		6D5D93461F7C87BA00A66A5B /* Base */ = {isa = PBXFileReference; lastKnownFileType = file.storyboard; name = Base; path = Base.lproj/Main.storyboard; sourceTree = "<group>"; };
		6D5D93481F7C87BA00A66A5B /* Assets.xcassets */ = {isa = PBXFileReference; lastKnownFileType = folder.assetcatalog; path = Assets.xcassets; sourceTree = "<group>"; };
		6D5D934B1F7C87BA00A66A5B /* Base */ = {isa = PBXFileReference; lastKnownFileType = file.storyboard; name = Base; path = Base.lproj/LaunchScreen.storyboard; sourceTree = "<group>"; };
		6D5D934D1F7C87BA00A66A5B /* Info.plist */ = {isa = PBXFileReference; lastKnownFileType = text.plist.xml; path = Info.plist; sourceTree = "<group>"; };
		6D5D93531F7C882800A66A5B /* RestKit.framework */ = {isa = PBXFileReference; lastKnownFileType = wrapper.framework; path = RestKit.framework; sourceTree = "<group>"; };
		6D5D93541F7C882800A66A5B /* SVProgressHUD.framework */ = {isa = PBXFileReference; lastKnownFileType = wrapper.framework; path = SVProgressHUD.framework; sourceTree = "<group>"; };
		6D5D93551F7C882800A66A5B /* VisualRecognitionV3.framework */ = {isa = PBXFileReference; lastKnownFileType = wrapper.framework; path = VisualRecognitionV3.framework; sourceTree = "<group>"; };
/* End PBXFileReference section */

/* Begin PBXFrameworksBuildPhase section */
		6D5D933B1F7C87BA00A66A5B /* Frameworks */ = {
			isa = PBXFrameworksBuildPhase;
			buildActionMask = 2147483647;
			files = (
				6D5D93581F7C882800A66A5B /* SVProgressHUD.framework in Frameworks */,
				6D5D935A1F7C882800A66A5B /* VisualRecognitionV3.framework in Frameworks */,
				6D5D93561F7C882800A66A5B /* RestKit.framework in Frameworks */,
			);
			runOnlyForDeploymentPostprocessing = 0;
		};
/* End PBXFrameworksBuildPhase section */

/* Begin PBXGroup section */
		6D5D93351F7C87BA00A66A5B = {
			isa = PBXGroup;
			children = (
				6D5D93531F7C882800A66A5B /* RestKit.framework */,
				6D5D93541F7C882800A66A5B /* SVProgressHUD.framework */,
				6D5D93551F7C882800A66A5B /* VisualRecognitionV3.framework */,
				6D5D93401F7C87BA00A66A5B /* SeeFood */,
				6D5D933F1F7C87BA00A66A5B /* Products */,
			);
			sourceTree = "<group>";
		};
		6D5D933F1F7C87BA00A66A5B /* Products */ = {
			isa = PBXGroup;
			children = (
				6D5D933E1F7C87BA00A66A5B /* SeeFood.app */,
			);
			name = Products;
			sourceTree = "<group>";
		};
		6D5D93401F7C87BA00A66A5B /* SeeFood */ = {
			isa = PBXGroup;
			children = (
				6D5D93411F7C87BA00A66A5B /* AppDelegate.swift */,
				6D5D93431F7C87BA00A66A5B /* ViewController.swift */,
				6D5D93451F7C87BA00A66A5B /* Main.storyboard */,
				6D5D93481F7C87BA00A66A5B /* Assets.xcassets */,
				6D5D934A1F7C87BA00A66A5B /* LaunchScreen.storyboard */,
				6D5D934D1F7C87BA00A66A5B /* Info.plist */,
			);
			path = SeeFood;
			sourceTree = "<group>";
		};
/* End PBXGroup section */

/* Begin PBXNativeTarget section */
		6D5D933D1F7C87BA00A66A5B /* SeeFood */ = {
			isa = PBXNativeTarget;
			buildConfigurationList = 6D5D93501F7C87BA00A66A5B /* Build configuration list for PBXNativeTarget "SeeFood" */;
			buildPhases = (
				6D5D933A1F7C87BA00A66A5B /* Sources */,
				6D5D933B1F7C87BA00A66A5B /* Frameworks */,
				6D5D933C1F7C87BA00A66A5B /* Resources */,
				6D5D935C1F7C882800A66A5B /* Embed Frameworks */,
			);
			buildRules = (
			);
			dependencies = (
			);
			name = SeeFood;
			productName = SeedFood;
			productReference = 6D5D933E1F7C87BA00A66A5B /* SeeFood.app */;
			productType = "com.apple.product-type.application";
		};
/* End PBXNativeTarget section */

/* Begin PBXProject section */
		6D5D93361F7C87BA00A66A5B /* Project object */ = {
			isa = PBXProject;
			attributes = {
				LastSwiftUpdateCheck = 0900;
				LastUpgradeCheck = 0900;
				ORGANIZATIONNAME = "Ziyang Tan";
				TargetAttributes = {
					6D5D933D1F7C87BA00A66A5B = {
						CreatedOnToolsVersion = 9.0;
						ProvisioningStyle = Automatic;
					};
				};
			};
			buildConfigurationList = 6D5D93391F7C87BA00A66A5B /* Build configuration list for PBXProject "SeeFood" */;
			compatibilityVersion = "Xcode 8.0";
			developmentRegion = en;
			hasScannedForEncodings = 0;
			knownRegions = (
				en,
				Base,
			);
			mainGroup = 6D5D93351F7C87BA00A66A5B;
			productRefGroup = 6D5D933F1F7C87BA00A66A5B /* Products */;
			projectDirPath = "";
			projectRoot = "";
			targets = (
				6D5D933D1F7C87BA00A66A5B /* SeeFood */,
			);
		};
/* End PBXProject section */

/* Begin PBXResourcesBuildPhase section */
		6D5D933C1F7C87BA00A66A5B /* Resources */ = {
			isa = PBXResourcesBuildPhase;
			buildActionMask = 2147483647;
			files = (
				6D182BBA1F7ED3FA00F99A7C /* Info.plist in Resources */,
				6D5D934C1F7C87BA00A66A5B /* LaunchScreen.storyboard in Resources */,
				6D5D93491F7C87BA00A66A5B /* Assets.xcassets in Resources */,
				6D5D93471F7C87BA00A66A5B /* Main.storyboard in Resources */,
			);
			runOnlyForDeploymentPostprocessing = 0;
		};
/* End PBXResourcesBuildPhase section */

/* Begin PBXSourcesBuildPhase section */
		6D5D933A1F7C87BA00A66A5B /* Sources */ = {
			isa = PBXSourcesBuildPhase;
			buildActionMask = 2147483647;
			files = (
				6D5D93441F7C87BA00A66A5B /* ViewController.swift in Sources */,
				6D5D93421F7C87BA00A66A5B /* AppDelegate.swift in Sources */,
			);
			runOnlyForDeploymentPostprocessing = 0;
		};
/* End PBXSourcesBuildPhase section */

/* Begin PBXVariantGroup section */
		6D5D93451F7C87BA00A66A5B /* Main.storyboard */ = {
			isa = PBXVariantGroup;
			children = (
				6D5D93461F7C87BA00A66A5B /* Base */,
			);
			name = Main.storyboard;
			sourceTree = "<group>";
		};
		6D5D934A1F7C87BA00A66A5B /* LaunchScreen.storyboard */ = {
			isa = PBXVariantGroup;
			children = (
				6D5D934B1F7C87BA00A66A5B /* Base */,
			);
			name = LaunchScreen.storyboard;
			sourceTree = "<group>";
		};
/* End PBXVariantGroup section */

/* Begin XCBuildConfiguration section */
		6D5D934E1F7C87BA00A66A5B /* Debug */ = {
			isa = XCBuildConfiguration;
			buildSettings = {
				ALWAYS_SEARCH_USER_PATHS = NO;
				CLANG_ANALYZER_NONNULL = YES;
				CLANG_ANALYZER_NUMBER_OBJECT_CONVERSION = YES_AGGRESSIVE;
				CLANG_CXX_LANGUAGE_STANDARD = "gnu++14";
				CLANG_CXX_LIBRARY = "libc++";
				CLANG_ENABLE_MODULES = YES;
				CLANG_ENABLE_OBJC_ARC = YES;
				CLANG_WARN_BLOCK_CAPTURE_AUTORELEASING = YES;
				CLANG_WARN_BOOL_CONVERSION = YES;
				CLANG_WARN_COMMA = YES;
				CLANG_WARN_CONSTANT_CONVERSION = YES;
				CLANG_WARN_DIRECT_OBJC_ISA_USAGE = YES_ERROR;
				CLANG_WARN_DOCUMENTATION_COMMENTS = YES;
				CLANG_WARN_EMPTY_BODY = YES;
				CLANG_WARN_ENUM_CONVERSION = YES;
				CLANG_WARN_INFINITE_RECURSION = YES;
				CLANG_WARN_INT_CONVERSION = YES;
				CLANG_WARN_NON_LITERAL_NULL_CONVERSION = YES;
				CLANG_WARN_OBJC_LITERAL_CONVERSION = YES;
				CLANG_WARN_OBJC_ROOT_CLASS = YES_ERROR;
				CLANG_WARN_RANGE_LOOP_ANALYSIS = YES;
				CLANG_WARN_STRICT_PROTOTYPES = YES;
				CLANG_WARN_SUSPICIOUS_MOVE = YES;
				CLANG_WARN_UNGUARDED_AVAILABILITY = YES_AGGRESSIVE;
				CLANG_WARN_UNREACHABLE_CODE = YES;
				CLANG_WARN__DUPLICATE_METHOD_MATCH = YES;
				CODE_SIGN_IDENTITY = "iPhone Developer";
				COPY_PHASE_STRIP = NO;
				DEBUG_INFORMATION_FORMAT = dwarf;
				ENABLE_STRICT_OBJC_MSGSEND = YES;
				ENABLE_TESTABILITY = YES;
				GCC_C_LANGUAGE_STANDARD = gnu11;
				GCC_DYNAMIC_NO_PIC = NO;
				GCC_NO_COMMON_BLOCKS = YES;
				GCC_OPTIMIZATION_LEVEL = 0;
				GCC_PREPROCESSOR_DEFINITIONS = (
					"DEBUG=1",
					"$(inherited)",
				);
				GCC_WARN_64_TO_32_BIT_CONVERSION = YES;
				GCC_WARN_ABOUT_RETURN_TYPE = YES_ERROR;
				GCC_WARN_UNDECLARED_SELECTOR = YES;
				GCC_WARN_UNINITIALIZED_AUTOS = YES_AGGRESSIVE;
				GCC_WARN_UNUSED_FUNCTION = YES;
				GCC_WARN_UNUSED_VARIABLE = YES;
				IPHONEOS_DEPLOYMENT_TARGET = 11.0;
				MTL_ENABLE_DEBUG_INFO = YES;
				ONLY_ACTIVE_ARCH = YES;
				SDKROOT = iphoneos;
				SWIFT_ACTIVE_COMPILATION_CONDITIONS = DEBUG;
				SWIFT_OPTIMIZATION_LEVEL = "-Onone";
			};
			name = Debug;
		};
		6D5D934F1F7C87BA00A66A5B /* Release */ = {
			isa = XCBuildConfiguration;
			buildSettings = {
				ALWAYS_SEARCH_USER_PATHS = NO;
				CLANG_ANALYZER_NONNULL = YES;
				CLANG_ANALYZER_NUMBER_OBJECT_CONVERSION = YES_AGGRESSIVE;
				CLANG_CXX_LANGUAGE_STANDARD = "gnu++14";
				CLANG_CXX_LIBRARY = "libc++";
				CLANG_ENABLE_MODULES = YES;
				CLANG_ENABLE_OBJC_ARC = YES;
				CLANG_WARN_BLOCK_CAPTURE_AUTORELEASING = YES;
				CLANG_WARN_BOOL_CONVERSION = YES;
				CLANG_WARN_COMMA = YES;
				CLANG_WARN_CONSTANT_CONVERSION = YES;
				CLANG_WARN_DIRECT_OBJC_ISA_USAGE = YES_ERROR;
				CLANG_WARN_DOCUMENTATION_COMMENTS = YES;
				CLANG_WARN_EMPTY_BODY = YES;
				CLANG_WARN_ENUM_CONVERSION = YES;
				CLANG_WARN_INFINITE_RECURSION = YES;
				CLANG_WARN_INT_CONVERSION = YES;
				CLANG_WARN_NON_LITERAL_NULL_CONVERSION = YES;
				CLANG_WARN_OBJC_LITERAL_CONVERSION = YES;
				CLANG_WARN_OBJC_ROOT_CLASS = YES_ERROR;
				CLANG_WARN_RANGE_LOOP_ANALYSIS = YES;
				CLANG_WARN_STRICT_PROTOTYPES = YES;
				CLANG_WARN_SUSPICIOUS_MOVE = YES;
				CLANG_WARN_UNGUARDED_AVAILABILITY = YES_AGGRESSIVE;
				CLANG_WARN_UNREACHABLE_CODE = YES;
				CLANG_WARN__DUPLICATE_METHOD_MATCH = YES;
				CODE_SIGN_IDENTITY = "iPhone Developer";
				COPY_PHASE_STRIP = NO;
				DEBUG_INFORMATION_FORMAT = "dwarf-with-dsym";
				ENABLE_NS_ASSERTIONS = NO;
				ENABLE_STRICT_OBJC_MSGSEND = YES;
				GCC_C_LANGUAGE_STANDARD = gnu11;
				GCC_NO_COMMON_BLOCKS = YES;
				GCC_WARN_64_TO_32_BIT_CONVERSION = YES;
				GCC_WARN_ABOUT_RETURN_TYPE = YES_ERROR;
				GCC_WARN_UNDECLARED_SELECTOR = YES;
				GCC_WARN_UNINITIALIZED_AUTOS = YES_AGGRESSIVE;
				GCC_WARN_UNUSED_FUNCTION = YES;
				GCC_WARN_UNUSED_VARIABLE = YES;
				IPHONEOS_DEPLOYMENT_TARGET = 11.0;
				MTL_ENABLE_DEBUG_INFO = NO;
				SDKROOT = iphoneos;
				SWIFT_OPTIMIZATION_LEVEL = "-Owholemodule";
				VALIDATE_PRODUCT = YES;
			};
			name = Release;
		};
		6D5D93511F7C87BA00A66A5B /* Debug */ = {
			isa = XCBuildConfiguration;
			buildSettings = {
				ASSETCATALOG_COMPILER_APPICON_NAME = AppIcon;
				CODE_SIGN_STYLE = Automatic;
				DEVELOPMENT_TEAM = M5327AET68;
				FRAMEWORK_SEARCH_PATHS = (
					"$(inherited)",
					"$(PROJECT_DIR)",
				);
				INFOPLIST_FILE = SeeFood/Info.plist;
				LD_RUNPATH_SEARCH_PATHS = "$(inherited) @executable_path/Frameworks";
				PRODUCT_BUNDLE_IDENTIFIER = com.ziyang.SeeFood;
				PRODUCT_NAME = "$(TARGET_NAME)";
				SWIFT_VERSION = 4.0;
				TARGETED_DEVICE_FAMILY = "1,2";
			};
			name = Debug;
		};
		6D5D93521F7C87BA00A66A5B /* Release */ = {
			isa = XCBuildConfiguration;
			buildSettings = {
				ASSETCATALOG_COMPILER_APPICON_NAME = AppIcon;
				CODE_SIGN_STYLE = Automatic;
				DEVELOPMENT_TEAM = M5327AET68;
				FRAMEWORK_SEARCH_PATHS = (
					"$(inherited)",
					"$(PROJECT_DIR)",
				);
				INFOPLIST_FILE = SeeFood/Info.plist;
				LD_RUNPATH_SEARCH_PATHS = "$(inherited) @executable_path/Frameworks";
				PRODUCT_BUNDLE_IDENTIFIER = com.ziyang.SeeFood;
				PRODUCT_NAME = "$(TARGET_NAME)";
				SWIFT_VERSION = 4.0;
				TARGETED_DEVICE_FAMILY = "1,2";
			};
			name = Release;
		};
/* End XCBuildConfiguration section */

/* Begin XCConfigurationList section */
		6D5D93391F7C87BA00A66A5B /* Build configuration list for PBXProject "SeeFood" */ = {
			isa = XCConfigurationList;
			buildConfigurations = (
				6D5D934E1F7C87BA00A66A5B /* Debug */,
				6D5D934F1F7C87BA00A66A5B /* Release */,
			);
			defaultConfigurationIsVisible = 0;
			defaultConfigurationName = Release;
		};
		6D5D93501F7C87BA00A66A5B /* Build configuration list for PBXNativeTarget "SeeFood" */ = {
			isa = XCConfigurationList;
			buildConfigurations = (
				6D5D93511F7C87BA00A66A5B /* Debug */,
				6D5D93521F7C87BA00A66A5B /* Release */,
			);
			defaultConfigurationIsVisible = 0;
			defaultConfigurationName = Release;
		};
/* End XCConfigurationList section */
	};
	rootObject = 6D5D93361F7C87BA00A66A5B /* Project object */;
}
